
Microsoft Visual Studio Solution File, Format Version 11.00
# Visual C++ Express 2010
Project("{8BC9CEB8-8B4A-11D0-8D11-00A0C91BC942}") = "test-win32", "win32/test-win32.vcxproj", "{EBC654DC-7C74-4774-9494-E508452A6F2F}"
EndProject
Global
	GlobalSection(SolutionConfigurationPlatforms) = preSolution
		Debug|Win32 = Debug|Win32
		Release|Win32 = Release|Win32
	EndGlobalSection
	GlobalSection(ProjectConfigurationPlatforms) = postSolution
		{EBC654DC-7C74-4774-9494-E508452A6F2F}.Debug|Win32.ActiveCfg = Debug|Win32
		{EBC654DC-7C74-4774-9494-E508452A6F2F}.Debug|Win32.Build.0 = Debug|Win32
		{EBC654DC-7C74-4774-9494-E508452A6F2F}.Release|Win32.ActiveCfg = Release|Win32
		{EBC654DC-7C74-4774-9494-E508452A6F2F}.Release|Win32.Build.0 = Release|Win32
	EndGlobalSection
	GlobalSection(SolutionProperties) = preSolution
		HideSolutionNode = FALSE
	EndGlobalSection
EndGlobal
